
Microsoft Visual Studio Solution File, Format Version 12.00
# Visual Studio Version 16
VisualStudioVersion = 16.0.31019.35
MinimumVisualStudioVersion = 10.0.40219.1
Project("{FAE04EC0-301F-11D3-BF4B-00C04F79EFBC}") = "JournalWebAPI", "JournalWebAPI\JournalWebAPI.csproj", "{1F50EF64-0279-4C79-9C96-6AABE5E0490E}"
EndProject
Global
	GlobalSection(SolutionConfigurationPlatforms) = preSolution
		Debug|Any CPU = Debug|Any CPU
		Release|Any CPU = Release|Any CPU
	EndGlobalSection
	GlobalSection(ProjectConfigurationPlatforms) = postSolution
		{1F50EF64-0279-4C79-9C96-6AABE5E0490E}.Debug|Any CPU.ActiveCfg = Debug|Any CPU
		{1F50EF64-0279-4C79-9C96-6AABE5E0490E}.Debug|Any CPU.Build.0 = Debug|Any CPU
		{1F50EF64-0279-4C79-9C96-6AABE5E0490E}.Release|Any CPU.ActiveCfg = Release|Any CPU
		{1F50EF64-0279-4C79-9C96-6AABE5E0490E}.Release|Any CPU.Build.0 = Release|Any CPU
	EndGlobalSection
	GlobalSection(SolutionProperties) = preSolution
		HideSolutionNode = FALSE
	EndGlobalSection
	GlobalSection(ExtensibilityGlobals) = postSolution
		SolutionGuid = {3D07A82A-473D-4159-B917-975B8F805BB1}
	EndGlobalSection
EndGlobal
